
Microsoft Visual Studio Solution File, Format Version 12.00
# Visual Studio 15
VisualStudioVersion = 15.0.28307.1321
MinimumVisualStudioVersion = 10.0.40219.1
Project("{8BC9CEB8-8B4A-11D0-8D11-00A0C91BC942}") = "MiniDumpFixer", "MiniDumpFixer\MiniDumpFixer.vcxproj", "{1CFCEC8C-81C8-48CA-9FD1-3271774ADFCC}"
EndProject
Global
	GlobalSection(SolutionConfigurationPlatforms) = preSolution
		Debug|x64 = Debug|x64
		Debug|x86 = Debug|x86
		Release|x64 = Release|x64
		Release|x86 = Release|x86
	EndGlobalSection
	GlobalSection(ProjectConfigurationPlatforms) = postSolution
		{1CFCEC8C-81C8-48CA-9FD1-3271774ADFCC}.Debug|x64.ActiveCfg = Debug|x64
		{1CFCEC8C-81C8-48CA-9FD1-3271774ADFCC}.Debug|x64.Build.0 = Debug|x64
		{1CFCEC8C-81C8-48CA-9FD1-3271774ADFCC}.Debug|x86.ActiveCfg = Debug|Win32
		{1CFCEC8C-81C8-48CA-9FD1-3271774ADFCC}.Debug|x86.Build.0 = Debug|Win32
		{1CFCEC8C-81C8-48CA-9FD1-3271774ADFCC}.Release|x64.ActiveCfg = Release|x64
		{1CFCEC8C-81C8-48CA-9FD1-3271774ADFCC}.Release|x64.Build.0 = Release|x64
		{1CFCEC8C-81C8-48CA-9FD1-3271774ADFCC}.Release|x86.ActiveCfg = Release|Win32
		{1CFCEC8C-81C8-48CA-9FD1-3271774ADFCC}.Release|x86.Build.0 = Release|Win32
	EndGlobalSection
	GlobalSection(SolutionProperties) = preSolution
		HideSolutionNode = FALSE
	EndGlobalSection
	GlobalSection(ExtensibilityGlobals) = postSolution
		SolutionGuid = {7C62D99F-E21C-45DD-8B55-A2190680D392}
	EndGlobalSection
EndGlobal
